
Microsoft Visual Studio Solution File, Format Version 12.00
# Visual Studio Version 16
VisualStudioVersion = 16.0.29306.81
MinimumVisualStudioVersion = 10.0.40219.1
Project("{FAE04EC0-301F-11D3-BF4B-00C04F79EFBC}") = "DynamicCodeDemo", "DynamicCodeDemo.csproj", "{122B5245-A9E1-478D-B76B-FE05B951B8DF}"
EndProject
Global
	GlobalSection(SolutionConfigurationPlatforms) = preSolution
		Debug|Any CPU = Debug|Any CPU
		Release|Any CPU = Release|Any CPU
	EndGlobalSection
	GlobalSection(ProjectConfigurationPlatforms) = postSolution
		{122B5245-A9E1-478D-B76B-FE05B951B8DF}.Debug|Any CPU.ActiveCfg = Debug|Any CPU
		{122B5245-A9E1-478D-B76B-FE05B951B8DF}.Debug|Any CPU.Build.0 = Debug|Any CPU
		{122B5245-A9E1-478D-B76B-FE05B951B8DF}.Release|Any CPU.ActiveCfg = Release|Any CPU
		{122B5245-A9E1-478D-B76B-FE05B951B8DF}.Release|Any CPU.Build.0 = Release|Any CPU
	EndGlobalSection
	GlobalSection(SolutionProperties) = preSolution
		HideSolutionNode = FALSE
	EndGlobalSection
	GlobalSection(ExtensibilityGlobals) = postSolution
		SolutionGuid = {7E8DA89E-3FA1-427D-AF5D-CCE58F9065F7}
	EndGlobalSection
EndGlobal
