
Microsoft Visual Studio Solution File, Format Version 12.00
# Visual Studio Version 16
VisualStudioVersion = 16.0.29306.81
MinimumVisualStudioVersion = 10.0.40219.1
Project("{FAE04EC0-301F-11D3-BF4B-00C04F79EFBC}") = "AssemblyDemo", "AssemblyDemo.csproj", "{6E621C08-9173-4055-A70F-2FDDD8827CAF}"
EndProject
Global
	GlobalSection(SolutionConfigurationPlatforms) = preSolution
		Debug|Any CPU = Debug|Any CPU
		Release|Any CPU = Release|Any CPU
	EndGlobalSection
	GlobalSection(ProjectConfigurationPlatforms) = postSolution
		{6E621C08-9173-4055-A70F-2FDDD8827CAF}.Debug|Any CPU.ActiveCfg = Debug|Any CPU
		{6E621C08-9173-4055-A70F-2FDDD8827CAF}.Debug|Any CPU.Build.0 = Debug|Any CPU
		{6E621C08-9173-4055-A70F-2FDDD8827CAF}.Release|Any CPU.ActiveCfg = Release|Any CPU
		{6E621C08-9173-4055-A70F-2FDDD8827CAF}.Release|Any CPU.Build.0 = Release|Any CPU
	EndGlobalSection
	GlobalSection(SolutionProperties) = preSolution
		HideSolutionNode = FALSE
	EndGlobalSection
	GlobalSection(ExtensibilityGlobals) = postSolution
		SolutionGuid = {14386EF2-E036-44AB-95B0-828F645C5AE3}
	EndGlobalSection
EndGlobal
